
Microsoft Visual Studio Solution File, Format Version 12.00
# Visual Studio Version 17
VisualStudioVersion = 17.2.32616.157
MinimumVisualStudioVersion = 10.0.40219.1
Project("{FAE04EC0-301F-11D3-BF4B-00C04F79EFBC}") = "Yields", "Yields\Yields.csproj", "{98D5022C-A14B-41AC-886C-873B2399881D}"
EndProject
Global
	GlobalSection(SolutionConfigurationPlatforms) = preSolution
		Debug|Any CPU = Debug|Any CPU
		Release|Any CPU = Release|Any CPU
	EndGlobalSection
	GlobalSection(ProjectConfigurationPlatforms) = postSolution
		{98D5022C-A14B-41AC-886C-873B2399881D}.Debug|Any CPU.ActiveCfg = Debug|Any CPU
		{98D5022C-A14B-41AC-886C-873B2399881D}.Debug|Any CPU.Build.0 = Debug|Any CPU
		{98D5022C-A14B-41AC-886C-873B2399881D}.Release|Any CPU.ActiveCfg = Release|Any CPU
		{98D5022C-A14B-41AC-886C-873B2399881D}.Release|Any CPU.Build.0 = Release|Any CPU
	EndGlobalSection
	GlobalSection(SolutionProperties) = preSolution
		HideSolutionNode = FALSE
	EndGlobalSection
	GlobalSection(ExtensibilityGlobals) = postSolution
		SolutionGuid = {DFDCFD77-A09F-46F5-8271-326F3E65F413}
	EndGlobalSection
EndGlobal
